
Microsoft Visual Studio Solution File, Format Version 12.00
# Visual Studio Version 17
VisualStudioVersion = 17.8.34601.278
MinimumVisualStudioVersion = 10.0.40219.1
Project("{FAE04EC0-301F-11D3-BF4B-00C04F79EFBC}") = "server_hehe", "server_hehe.csproj", "{3D0F4C1C-EFA7-470E-BCD7-7888B856235E}"
EndProject
Global
	GlobalSection(SolutionConfigurationPlatforms) = preSolution
		Debug|Any CPU = Debug|Any CPU
		Release|Any CPU = Release|Any CPU
	EndGlobalSection
	GlobalSection(ProjectConfigurationPlatforms) = postSolution
		{3D0F4C1C-EFA7-470E-BCD7-7888B856235E}.Debug|Any CPU.ActiveCfg = Debug|Any CPU
		{3D0F4C1C-EFA7-470E-BCD7-7888B856235E}.Debug|Any CPU.Build.0 = Debug|Any CPU
		{3D0F4C1C-EFA7-470E-BCD7-7888B856235E}.Release|Any CPU.ActiveCfg = Release|Any CPU
		{3D0F4C1C-EFA7-470E-BCD7-7888B856235E}.Release|Any CPU.Build.0 = Release|Any CPU
	EndGlobalSection
	GlobalSection(SolutionProperties) = preSolution
		HideSolutionNode = FALSE
	EndGlobalSection
	GlobalSection(ExtensibilityGlobals) = postSolution
		SolutionGuid = {8CD0E77B-7ACF-4CF1-ABCB-FF2CFFCA80E2}
	EndGlobalSection
EndGlobal
